# THIS IS AN AUTOGENERATED FILE. DO NOT EDIT THIS FILE DIRECTLY.
# yarn lockfile v1


"@hotwired/stimulus@^3.2.2":
  version "3.2.2"
  resolved "https://registry.yarnpkg.com/@hotwired/stimulus/-/stimulus-3.2.2.tgz#071aab59c600fed95b97939e605ff261a4251608"
  integrity sha512-eGeIqNOQpXoPAIP7tC1+1Yc1yl1xnwYqg+3mzqxyrbE5pg5YFBZcA6YoTiByJB6DKAEsiWtl6tjTJS4IYtbB7A==

"@hotwired/turbo-rails@^8.0.5":
  version "8.0.5"
  resolved "https://registry.yarnpkg.com/@hotwired/turbo-rails/-/turbo-rails-8.0.5.tgz#18c2f0e4f7f952307650308590edf5eb9544b0d3"
  integrity sha512-1A9G9u28IRAl0C57z8Ka3AhNPyJdwfOrbjr+ABZk2ZEUw2QO7cJ0pgs77asUj2E/tzn1PgrxrSVu24W+1Q5uBA==
  dependencies:
    "@hotwired/turbo" "^8.0.5"
    "@rails/actioncable" "^7.0"

"@hotwired/turbo@^8.0.5":
  version "8.0.5"
  resolved "https://registry.yarnpkg.com/@hotwired/turbo/-/turbo-8.0.5.tgz#abae6dad018a891e4286e87fa0959217e3866d5a"
  integrity sha512-TdZDA7fxVQ2ZycygvpnzjGPmFq4sO/E2QVg+2em/sJ3YTSsIWVEis8HmWlumz+c9DjWcUkcCuB+muF08TInpAQ==

"@prettier/plugin-ruby@^1.6.1":
  version "1.6.1"
  resolved "https://registry.yarnpkg.com/@prettier/plugin-ruby/-/plugin-ruby-1.6.1.tgz#14489985513a72e052b57c1cf9beae288880faa8"
  integrity sha512-PGDCATgVTQz0s/NB9nStiXVCIr+hG/XnKeAO/kguaHrNf8VwCpP5Ul+/KQao0z0QFBy2PDY8kWptfDQCa7WMXg==
  dependencies:
    prettier ">=1.10"

"@rails/actioncable@^7.0":
  version "7.2.0"
  resolved "https://registry.yarnpkg.com/@rails/actioncable/-/actioncable-7.2.0.tgz#dee66d21bc125a9819dc8080ce896eac78d8c63f"
  integrity sha512-crcsPF3skrqJkFZLxesZoyUEt8ol25XtTuOAUMdLa5qQKWTZpL8eLVW71bDCwKDQLbV2z5sBZ/XGEC0i+ZZa+A==

prettier-html-templates@^0.1.0:
  version "0.1.0"
  resolved "https://registry.yarnpkg.com/prettier-html-templates/-/prettier-html-templates-0.1.0.tgz#dfa12bd71c032e3b796e8c645210c5614403575d"
  integrity sha512-KdLveYzO2kJLiwUAebd5UFeKP8h3OqFhOiLbkgeIuS1WNoCRTyxW4KuyGfbh3F+Rp/2A6mipRxCq2zPi+//pmg==

prettier-plugin-erb@^0.4.0:
  version "0.4.0"
  resolved "https://registry.yarnpkg.com/prettier-plugin-erb/-/prettier-plugin-erb-0.4.0.tgz#5a2a86e02c6360481187aaadd165bc598eda4412"
  integrity sha512-5RAdvT5BBf29hfC8GmqiMRFiD5g4BZGZDERZHvM5ouOor2TVT0jM0ntmCzFpS2Q32OkUAGFYsRxXDoYscvToXA==
  dependencies:
    prettier-html-templates "^0.1.0"

prettier-plugin-ruby@^0.3.1:
  version "0.3.1"
  resolved "https://registry.yarnpkg.com/prettier-plugin-ruby/-/prettier-plugin-ruby-0.3.1.tgz#0bd29cf9aa6d4d2f708b67c70ec5f9455c208215"
  integrity sha512-ASJ+YpeFeSiHEU2eR1goWLqusRqSIpb2J9Fsh6loDJ8lx09peKKoV6w5ZnO5ggHBz5UHyd2HNe8Wr1gApSXXHA==
  dependencies:
    prettier "^1.16.4"

prettier@>=1.10:
  version "3.3.3"
  resolved "https://registry.yarnpkg.com/prettier/-/prettier-3.3.3.tgz#30c54fe0be0d8d12e6ae61dbb10109ea00d53105"
  integrity sha512-i2tDNA0O5IrMO757lfrdQZCc2jPNDVntV0m/+4whiDfWaTKfMNgR7Qz0NAeGz/nRqF4m5/6CLzbP4/liHt12Ew==

prettier@^1.16.4:
  version "1.19.1"
  resolved "https://registry.yarnpkg.com/prettier/-/prettier-1.19.1.tgz#f7d7f5ff8a9cd872a7be4ca142095956a60797cb"
  integrity sha512-s7PoyDv/II1ObgQunCbB9PdLmUcBZcnWOcxDh7O0N/UwDEsHyqkW+Qh28jW+mVuCdx7gLB0BotYI1Y6uI9iyew==

prettier@^2.2.1:
  version "2.8.8"
  resolved "https://registry.yarnpkg.com/prettier/-/prettier-2.8.8.tgz#e8c5d7e98a4305ffe3de2e1fc4aca1a71c28b1da"
  integrity sha512-tdN8qQGvNjw4CHbY+XXk0JgCXn9QiF21a55rBe5LJAU+kDyC4WQn4+awm2Xfk2lQMk5fKup9XgzTZtGkjBdP9Q==
